
Microsoft Visual Studio Solution File, Format Version 12.00
# Visual Studio Express 2012 for Windows Desktop
Project("{F184B08F-C81C-45F6-A57F-5ABD9991F28F}") = "ProyectoHover", "ProyectoHover\ProyectoHover.vbproj", "{FEB18140-3465-49C0-96B3-B310CD7763CF}"
EndProject
Global
	GlobalSection(SolutionConfigurationPlatforms) = preSolution
		Debug|Any CPU = Debug|Any CPU
		Release|Any CPU = Release|Any CPU
	EndGlobalSection
	GlobalSection(ProjectConfigurationPlatforms) = postSolution
		{FEB18140-3465-49C0-96B3-B310CD7763CF}.Debug|Any CPU.ActiveCfg = Debug|Any CPU
		{FEB18140-3465-49C0-96B3-B310CD7763CF}.Debug|Any CPU.Build.0 = Debug|Any CPU
		{FEB18140-3465-49C0-96B3-B310CD7763CF}.Release|Any CPU.ActiveCfg = Release|Any CPU
		{FEB18140-3465-49C0-96B3-B310CD7763CF}.Release|Any CPU.Build.0 = Release|Any CPU
	EndGlobalSection
	GlobalSection(SolutionProperties) = preSolution
		HideSolutionNode = FALSE
	EndGlobalSection
EndGlobal
